
Microsoft Visual Studio Solution File, Format Version 12.00
# Visual Studio Version 17
VisualStudioVersion = 17.2.32526.322
MinimumVisualStudioVersion = 10.0.40219.1
Project("{FAE04EC0-301F-11D3-BF4B-00C04F79EFBC}") = "TheThreeLenses", "TheThreeLenses.csproj", "{80A3B463-B0D0-4A19-8DFA-53F45659F256}"
EndProject
Global
	GlobalSection(SolutionConfigurationPlatforms) = preSolution
		Debug|Any CPU = Debug|Any CPU
		Release|Any CPU = Release|Any CPU
	EndGlobalSection
	GlobalSection(ProjectConfigurationPlatforms) = postSolution
		{80A3B463-B0D0-4A19-8DFA-53F45659F256}.Debug|Any CPU.ActiveCfg = Debug|Any CPU
		{80A3B463-B0D0-4A19-8DFA-53F45659F256}.Debug|Any CPU.Build.0 = Debug|Any CPU
		{80A3B463-B0D0-4A19-8DFA-53F45659F256}.Release|Any CPU.ActiveCfg = Release|Any CPU
		{80A3B463-B0D0-4A19-8DFA-53F45659F256}.Release|Any CPU.Build.0 = Release|Any CPU
	EndGlobalSection
	GlobalSection(SolutionProperties) = preSolution
		HideSolutionNode = FALSE
	EndGlobalSection
	GlobalSection(ExtensibilityGlobals) = postSolution
		SolutionGuid = {688B9F19-3A62-415B-8455-5E1017844E22}
	EndGlobalSection
EndGlobal
