
Microsoft Visual Studio Solution File, Format Version 12.00
# Visual Studio Version 17
VisualStudioVersion = 17.2.32526.322
MinimumVisualStudioVersion = 10.0.40219.1
Project("{FAE04EC0-301F-11D3-BF4B-00C04F79EFBC}") = "ThePotionMastersOfPattren", "ThePotionMastersOfPattren.csproj", "{7BB28AD6-D534-4F76-8E38-0AAD158C606E}"
EndProject
Global
	GlobalSection(SolutionConfigurationPlatforms) = preSolution
		Debug|Any CPU = Debug|Any CPU
		Release|Any CPU = Release|Any CPU
	EndGlobalSection
	GlobalSection(ProjectConfigurationPlatforms) = postSolution
		{7BB28AD6-D534-4F76-8E38-0AAD158C606E}.Debug|Any CPU.ActiveCfg = Debug|Any CPU
		{7BB28AD6-D534-4F76-8E38-0AAD158C606E}.Debug|Any CPU.Build.0 = Debug|Any CPU
		{7BB28AD6-D534-4F76-8E38-0AAD158C606E}.Release|Any CPU.ActiveCfg = Release|Any CPU
		{7BB28AD6-D534-4F76-8E38-0AAD158C606E}.Release|Any CPU.Build.0 = Release|Any CPU
	EndGlobalSection
	GlobalSection(SolutionProperties) = preSolution
		HideSolutionNode = FALSE
	EndGlobalSection
	GlobalSection(ExtensibilityGlobals) = postSolution
		SolutionGuid = {AAFB312E-EE32-4E6A-B5F0-E91203F015CE}
	EndGlobalSection
EndGlobal
