
Microsoft Visual Studio Solution File, Format Version 12.00
# Visual Studio Version 17
VisualStudioVersion = 17.1.32421.90
MinimumVisualStudioVersion = 10.0.40219.1
Project("{FAE04EC0-301F-11D3-BF4B-00C04F79EFBC}") = "SaferNumberCrunching", "SaferNumberCrunching.csproj", "{1C95762F-0266-4936-87EE-E6A4FF390ECB}"
EndProject
Global
	GlobalSection(SolutionConfigurationPlatforms) = preSolution
		Debug|Any CPU = Debug|Any CPU
		Release|Any CPU = Release|Any CPU
	EndGlobalSection
	GlobalSection(ProjectConfigurationPlatforms) = postSolution
		{1C95762F-0266-4936-87EE-E6A4FF390ECB}.Debug|Any CPU.ActiveCfg = Debug|Any CPU
		{1C95762F-0266-4936-87EE-E6A4FF390ECB}.Debug|Any CPU.Build.0 = Debug|Any CPU
		{1C95762F-0266-4936-87EE-E6A4FF390ECB}.Release|Any CPU.ActiveCfg = Release|Any CPU
		{1C95762F-0266-4936-87EE-E6A4FF390ECB}.Release|Any CPU.Build.0 = Release|Any CPU
	EndGlobalSection
	GlobalSection(SolutionProperties) = preSolution
		HideSolutionNode = FALSE
	EndGlobalSection
	GlobalSection(ExtensibilityGlobals) = postSolution
		SolutionGuid = {DC6F2BFC-1B73-47C5-86AE-5E26BE28B91E}
	EndGlobalSection
EndGlobal
