
Microsoft Visual Studio Solution File, Format Version 12.00
# Visual Studio Version 17
VisualStudioVersion = 17.2.32602.215
MinimumVisualStudioVersion = 10.0.40219.1
Project("{FAE04EC0-301F-11D3-BF4B-00C04F79EFBC}") = "AltarOfPublication", "AltarOfPublication.csproj", "{90217BEA-122D-45DA-988E-54FFC43A8D78}"
EndProject
Global
	GlobalSection(SolutionConfigurationPlatforms) = preSolution
		Debug|Any CPU = Debug|Any CPU
		Release|Any CPU = Release|Any CPU
	EndGlobalSection
	GlobalSection(ProjectConfigurationPlatforms) = postSolution
		{90217BEA-122D-45DA-988E-54FFC43A8D78}.Debug|Any CPU.ActiveCfg = Debug|Any CPU
		{90217BEA-122D-45DA-988E-54FFC43A8D78}.Debug|Any CPU.Build.0 = Debug|Any CPU
		{90217BEA-122D-45DA-988E-54FFC43A8D78}.Release|Any CPU.ActiveCfg = Release|Any CPU
		{90217BEA-122D-45DA-988E-54FFC43A8D78}.Release|Any CPU.Build.0 = Release|Any CPU
	EndGlobalSection
	GlobalSection(SolutionProperties) = preSolution
		HideSolutionNode = FALSE
	EndGlobalSection
	GlobalSection(ExtensibilityGlobals) = postSolution
		SolutionGuid = {72AA6392-9B55-445D-AE7D-EE51F10423D4}
	EndGlobalSection
EndGlobal
