
Microsoft Visual Studio Solution File, Format Version 12.00
# Visual Studio Version 17
VisualStudioVersion = 17.1.32421.90
MinimumVisualStudioVersion = 10.0.40219.1
Project("{FAE04EC0-301F-11D3-BF4B-00C04F79EFBC}") = "RoomCoordinates", "RoomCoordinates.csproj", "{CEDC7E8B-FF01-4EC0-910B-9AD3268685F3}"
EndProject
Global
	GlobalSection(SolutionConfigurationPlatforms) = preSolution
		Debug|Any CPU = Debug|Any CPU
		Release|Any CPU = Release|Any CPU
	EndGlobalSection
	GlobalSection(ProjectConfigurationPlatforms) = postSolution
		{CEDC7E8B-FF01-4EC0-910B-9AD3268685F3}.Debug|Any CPU.ActiveCfg = Debug|Any CPU
		{CEDC7E8B-FF01-4EC0-910B-9AD3268685F3}.Debug|Any CPU.Build.0 = Debug|Any CPU
		{CEDC7E8B-FF01-4EC0-910B-9AD3268685F3}.Release|Any CPU.ActiveCfg = Release|Any CPU
		{CEDC7E8B-FF01-4EC0-910B-9AD3268685F3}.Release|Any CPU.Build.0 = Release|Any CPU
	EndGlobalSection
	GlobalSection(SolutionProperties) = preSolution
		HideSolutionNode = FALSE
	EndGlobalSection
	GlobalSection(ExtensibilityGlobals) = postSolution
		SolutionGuid = {0735B8B5-85B7-4FC5-91FE-326FD92C7E88}
	EndGlobalSection
EndGlobal
