
Microsoft Visual Studio Solution File, Format Version 12.00
# Visual Studio Version 17
VisualStudioVersion = 17.1.32421.90
MinimumVisualStudioVersion = 10.0.40219.1
Project("{FAE04EC0-301F-11D3-BF4B-00C04F79EFBC}") = "BetterRandom", "BetterRandom.csproj", "{57F9D87F-DE48-40CD-B6F7-B13108143BE1}"
EndProject
Global
	GlobalSection(SolutionConfigurationPlatforms) = preSolution
		Debug|Any CPU = Debug|Any CPU
		Release|Any CPU = Release|Any CPU
	EndGlobalSection
	GlobalSection(ProjectConfigurationPlatforms) = postSolution
		{57F9D87F-DE48-40CD-B6F7-B13108143BE1}.Debug|Any CPU.ActiveCfg = Debug|Any CPU
		{57F9D87F-DE48-40CD-B6F7-B13108143BE1}.Debug|Any CPU.Build.0 = Debug|Any CPU
		{57F9D87F-DE48-40CD-B6F7-B13108143BE1}.Release|Any CPU.ActiveCfg = Release|Any CPU
		{57F9D87F-DE48-40CD-B6F7-B13108143BE1}.Release|Any CPU.Build.0 = Release|Any CPU
	EndGlobalSection
	GlobalSection(SolutionProperties) = preSolution
		HideSolutionNode = FALSE
	EndGlobalSection
	GlobalSection(ExtensibilityGlobals) = postSolution
		SolutionGuid = {77F5EBDD-A903-4393-9529-735511024FF7}
	EndGlobalSection
EndGlobal
